
Microsoft Visual Studio Solution File, Format Version 12.00
# Visual Studio Version 16
VisualStudioVersion = 16.0.28803.202
MinimumVisualStudioVersion = 10.0.40219.1
Project("{FAE04EC0-301F-11D3-BF4B-00C04F79EFBC}") = "justOneChar", "reverseString\justOneChar.csproj", "{B0B12DBB-D311-4BD2-B95C-5F0BAACB325B}"
EndProject
Global
	GlobalSection(SolutionConfigurationPlatforms) = preSolution
		Debug|Any CPU = Debug|Any CPU
		Release|Any CPU = Release|Any CPU
	EndGlobalSection
	GlobalSection(ProjectConfigurationPlatforms) = postSolution
		{B0B12DBB-D311-4BD2-B95C-5F0BAACB325B}.Debug|Any CPU.ActiveCfg = Debug|Any CPU
		{B0B12DBB-D311-4BD2-B95C-5F0BAACB325B}.Debug|Any CPU.Build.0 = Debug|Any CPU
		{B0B12DBB-D311-4BD2-B95C-5F0BAACB325B}.Release|Any CPU.ActiveCfg = Release|Any CPU
		{B0B12DBB-D311-4BD2-B95C-5F0BAACB325B}.Release|Any CPU.Build.0 = Release|Any CPU
	EndGlobalSection
	GlobalSection(SolutionProperties) = preSolution
		HideSolutionNode = FALSE
	EndGlobalSection
	GlobalSection(ExtensibilityGlobals) = postSolution
		SolutionGuid = {ED1CAC71-7B69-4108-8B91-3E7192B6DA28}
	EndGlobalSection
EndGlobal
